// !$*UTF8*$!
{
	archiveVersion = 1;
	classes = {
	};
	objectVersion = 56;
	objects = {

/* Begin PBXBuildFile section */
		AAFBD9BE2A24587300B09EA1 /* AppDelegate.swift in Sources */ = {isa = PBXBuildFile; fileRef = AAFBD9BD2A24587300B09EA1 /* AppDelegate.swift */; };
		AAFBD9C02A24587300B09EA1 /* SceneDelegate.swift in Sources */ = {isa = PBXBuildFile; fileRef = AAFBD9BF2A24587300B09EA1 /* SceneDelegate.swift */; };
		AAFBD9C22A24587300B09EA1 /* RMTabBarController.swift in Sources */ = {isa = PBXBuildFile; fileRef = AAFBD9C12A24587300B09EA1 /* RMTabBarController.swift */; };
		AAFBD9C82A24587300B09EA1 /* RickAndMarty.xcdatamodeld in Sources */ = {isa = PBXBuildFile; fileRef = AAFBD9C62A24587300B09EA1 /* RickAndMarty.xcdatamodeld */; };
		AAFBD9CA2A24587600B09EA1 /* Assets.xcassets in Resources */ = {isa = PBXBuildFile; fileRef = AAFBD9C92A24587600B09EA1 /* Assets.xcassets */; };
		AAFBD9CD2A24587600B09EA1 /* LaunchScreen.storyboard in Resources */ = {isa = PBXBuildFile; fileRef = AAFBD9CB2A24587600B09EA1 /* LaunchScreen.storyboard */; };
		AAFBD9DE2A245F2900B09EA1 /* RMLocation.swift in Sources */ = {isa = PBXBuildFile; fileRef = AAFBD9DD2A245F2900B09EA1 /* RMLocation.swift */; };
		AAFBD9E02A245F4500B09EA1 /* RMCharacter.swift in Sources */ = {isa = PBXBuildFile; fileRef = AAFBD9DF2A245F4500B09EA1 /* RMCharacter.swift */; };
		AAFBD9E22A245F5900B09EA1 /* RMEpisode.swift in Sources */ = {isa = PBXBuildFile; fileRef = AAFBD9E12A245F5900B09EA1 /* RMEpisode.swift */; };
		AAFBD9E52A24600D00B09EA1 /* RMCharaterViewController.swift in Sources */ = {isa = PBXBuildFile; fileRef = AAFBD9E42A24600D00B09EA1 /* RMCharaterViewController.swift */; };
		AAFBD9E72A24602C00B09EA1 /* RMLocationViewController.swift in Sources */ = {isa = PBXBuildFile; fileRef = AAFBD9E62A24602C00B09EA1 /* RMLocationViewController.swift */; };
		AAFBD9E92A24603A00B09EA1 /* RMEpisodeViewController.swift in Sources */ = {isa = PBXBuildFile; fileRef = AAFBD9E82A24603A00B09EA1 /* RMEpisodeViewController.swift */; };
		AAFBD9EB2A24604D00B09EA1 /* RMSettingViewController.swift in Sources */ = {isa = PBXBuildFile; fileRef = AAFBD9EA2A24604D00B09EA1 /* RMSettingViewController.swift */; };
		AAFBD9ED2A24699100B09EA1 /* RMService.swift in Sources */ = {isa = PBXBuildFile; fileRef = AAFBD9EC2A24699100B09EA1 /* RMService.swift */; };
		AAFBD9EF2A2469AD00B09EA1 /* RMRequest.swift in Sources */ = {isa = PBXBuildFile; fileRef = AAFBD9EE2A2469AD00B09EA1 /* RMRequest.swift */; };
		AAFBD9F12A246A9C00B09EA1 /* RMEndpoint.swift in Sources */ = {isa = PBXBuildFile; fileRef = AAFBD9F02A246A9C00B09EA1 /* RMEndpoint.swift */; };
		AAFBD9F32A2470F100B09EA1 /* RMOrigin.swift in Sources */ = {isa = PBXBuildFile; fileRef = AAFBD9F22A2470F100B09EA1 /* RMOrigin.swift */; };
		AAFBD9F52A24710200B09EA1 /* RMSingleLocation.swift in Sources */ = {isa = PBXBuildFile; fileRef = AAFBD9F42A24710200B09EA1 /* RMSingleLocation.swift */; };
		AAFBD9F72A24735E00B09EA1 /* RMCharacterStatus.swift in Sources */ = {isa = PBXBuildFile; fileRef = AAFBD9F62A24735E00B09EA1 /* RMCharacterStatus.swift */; };
		AAFBD9F92A24739400B09EA1 /* RMCharacterGender.swift in Sources */ = {isa = PBXBuildFile; fileRef = AAFBD9F82A24739400B09EA1 /* RMCharacterGender.swift */; };
		AAFBD9FD2A27380B00B09EA1 /* RMGetAllCharactersResponse.swift in Sources */ = {isa = PBXBuildFile; fileRef = AAFBD9FC2A27380B00B09EA1 /* RMGetAllCharactersResponse.swift */; };
		AAFBD9FF2A273D6A00B09EA1 /* RMCharacterListViewViewModel.swift in Sources */ = {isa = PBXBuildFile; fileRef = AAFBD9FE2A273D6A00B09EA1 /* RMCharacterListViewViewModel.swift */; };
		AAFBDA012A273E5400B09EA1 /* RMCharacterListView.swift in Sources */ = {isa = PBXBuildFile; fileRef = AAFBDA002A273E5400B09EA1 /* RMCharacterListView.swift */; };
		AAFBDA032A2743C800B09EA1 /* Extensions.swift in Sources */ = {isa = PBXBuildFile; fileRef = AAFBDA022A2743C800B09EA1 /* Extensions.swift */; };
		AAFBDA052A298B4E00B09EA1 /* RMCharacterCollectionViewCell.swift in Sources */ = {isa = PBXBuildFile; fileRef = AAFBDA042A298B4E00B09EA1 /* RMCharacterCollectionViewCell.swift */; };
		AAFBDA072A298D3700B09EA1 /* RMCharacterCollectionViewCellViewModel.swift in Sources */ = {isa = PBXBuildFile; fileRef = AAFBDA062A298D3700B09EA1 /* RMCharacterCollectionViewCellViewModel.swift */; };
		AAFBDA0A2A29E27100B09EA1 /* RMCharacterDetailViewController.swift in Sources */ = {isa = PBXBuildFile; fileRef = AAFBDA092A29E27100B09EA1 /* RMCharacterDetailViewController.swift */; };
		AAFBDA0C2A29E3CD00B09EA1 /* RMCharacterDetailView.swift in Sources */ = {isa = PBXBuildFile; fileRef = AAFBDA0B2A29E3CD00B09EA1 /* RMCharacterDetailView.swift */; };
		AAFBDA0E2A29E3E900B09EA1 /* RMCharacterDetailViewViewModel.swift in Sources */ = {isa = PBXBuildFile; fileRef = AAFBDA0D2A29E3E900B09EA1 /* RMCharacterDetailViewViewModel.swift */; };
/* End PBXBuildFile section */

/* Begin PBXFileReference section */
		AAFBD9BA2A24587300B09EA1 /* RickAndMarty.app */ = {isa = PBXFileReference; explicitFileType = wrapper.application; includeInIndex = 0; path = RickAndMarty.app; sourceTree = BUILT_PRODUCTS_DIR; };
		AAFBD9BD2A24587300B09EA1 /* AppDelegate.swift */ = {isa = PBXFileReference; lastKnownFileType = sourcecode.swift; path = AppDelegate.swift; sourceTree = "<group>"; };
		AAFBD9BF2A24587300B09EA1 /* SceneDelegate.swift */ = {isa = PBXFileReference; lastKnownFileType = sourcecode.swift; path = SceneDelegate.swift; sourceTree = "<group>"; };
		AAFBD9C12A24587300B09EA1 /* RMTabBarController.swift */ = {isa = PBXFileReference; lastKnownFileType = sourcecode.swift; path = RMTabBarController.swift; sourceTree = "<group>"; };
		AAFBD9C72A24587300B09EA1 /* RickAndMarty.xcdatamodel */ = {isa = PBXFileReference; lastKnownFileType = wrapper.xcdatamodel; path = RickAndMarty.xcdatamodel; sourceTree = "<group>"; };
		AAFBD9C92A24587600B09EA1 /* Assets.xcassets */ = {isa = PBXFileReference; lastKnownFileType = folder.assetcatalog; path = Assets.xcassets; sourceTree = "<group>"; };
		AAFBD9CC2A24587600B09EA1 /* Base */ = {isa = PBXFileReference; lastKnownFileType = file.storyboard; name = Base; path = Base.lproj/LaunchScreen.storyboard; sourceTree = "<group>"; };
		AAFBD9CE2A24587600B09EA1 /* Info.plist */ = {isa = PBXFileReference; lastKnownFileType = text.plist.xml; path = Info.plist; sourceTree = "<group>"; };
		AAFBD9DD2A245F2900B09EA1 /* RMLocation.swift */ = {isa = PBXFileReference; lastKnownFileType = sourcecode.swift; path = RMLocation.swift; sourceTree = "<group>"; };
		AAFBD9DF2A245F4500B09EA1 /* RMCharacter.swift */ = {isa = PBXFileReference; lastKnownFileType = sourcecode.swift; path = RMCharacter.swift; sourceTree = "<group>"; };
		AAFBD9E12A245F5900B09EA1 /* RMEpisode.swift */ = {isa = PBXFileReference; lastKnownFileType = sourcecode.swift; path = RMEpisode.swift; sourceTree = "<group>"; };
		AAFBD9E42A24600D00B09EA1 /* RMCharaterViewController.swift */ = {isa = PBXFileReference; lastKnownFileType = sourcecode.swift; path = RMCharaterViewController.swift; sourceTree = "<group>"; };
		AAFBD9E62A24602C00B09EA1 /* RMLocationViewController.swift */ = {isa = PBXFileReference; lastKnownFileType = sourcecode.swift; path = RMLocationViewController.swift; sourceTree = "<group>"; };
		AAFBD9E82A24603A00B09EA1 /* RMEpisodeViewController.swift */ = {isa = PBXFileReference; lastKnownFileType = sourcecode.swift; path = RMEpisodeViewController.swift; sourceTree = "<group>"; };
		AAFBD9EA2A24604D00B09EA1 /* RMSettingViewController.swift */ = {isa = PBXFileReference; lastKnownFileType = sourcecode.swift; path = RMSettingViewController.swift; sourceTree = "<group>"; };
		AAFBD9EC2A24699100B09EA1 /* RMService.swift */ = {isa = PBXFileReference; lastKnownFileType = sourcecode.swift; path = RMService.swift; sourceTree = "<group>"; };
		AAFBD9EE2A2469AD00B09EA1 /* RMRequest.swift */ = {isa = PBXFileReference; lastKnownFileType = sourcecode.swift; path = RMRequest.swift; sourceTree = "<group>"; };
		AAFBD9F02A246A9C00B09EA1 /* RMEndpoint.swift */ = {isa = PBXFileReference; lastKnownFileType = sourcecode.swift; path = RMEndpoint.swift; sourceTree = "<group>"; };
		AAFBD9F22A2470F100B09EA1 /* RMOrigin.swift */ = {isa = PBXFileReference; lastKnownFileType = sourcecode.swift; path = RMOrigin.swift; sourceTree = "<group>"; };
		AAFBD9F42A24710200B09EA1 /* RMSingleLocation.swift */ = {isa = PBXFileReference; lastKnownFileType = sourcecode.swift; path = RMSingleLocation.swift; sourceTree = "<group>"; };
		AAFBD9F62A24735E00B09EA1 /* RMCharacterStatus.swift */ = {isa = PBXFileReference; lastKnownFileType = sourcecode.swift; path = RMCharacterStatus.swift; sourceTree = "<group>"; };
		AAFBD9F82A24739400B09EA1 /* RMCharacterGender.swift */ = {isa = PBXFileReference; lastKnownFileType = sourcecode.swift; path = RMCharacterGender.swift; sourceTree = "<group>"; };
		AAFBD9FC2A27380B00B09EA1 /* RMGetAllCharactersResponse.swift */ = {isa = PBXFileReference; lastKnownFileType = sourcecode.swift; path = RMGetAllCharactersResponse.swift; sourceTree = "<group>"; };
		AAFBD9FE2A273D6A00B09EA1 /* RMCharacterListViewViewModel.swift */ = {isa = PBXFileReference; lastKnownFileType = sourcecode.swift; path = RMCharacterListViewViewModel.swift; sourceTree = "<group>"; };
		AAFBDA002A273E5400B09EA1 /* RMCharacterListView.swift */ = {isa = PBXFileReference; lastKnownFileType = sourcecode.swift; path = RMCharacterListView.swift; sourceTree = "<group>"; };
		AAFBDA022A2743C800B09EA1 /* Extensions.swift */ = {isa = PBXFileReference; lastKnownFileType = sourcecode.swift; path = Extensions.swift; sourceTree = "<group>"; };
		AAFBDA042A298B4E00B09EA1 /* RMCharacterCollectionViewCell.swift */ = {isa = PBXFileReference; lastKnownFileType = sourcecode.swift; path = RMCharacterCollectionViewCell.swift; sourceTree = "<group>"; };
		AAFBDA062A298D3700B09EA1 /* RMCharacterCollectionViewCellViewModel.swift */ = {isa = PBXFileReference; lastKnownFileType = sourcecode.swift; path = RMCharacterCollectionViewCellViewModel.swift; sourceTree = "<group>"; };
		AAFBDA092A29E27100B09EA1 /* RMCharacterDetailViewController.swift */ = {isa = PBXFileReference; lastKnownFileType = sourcecode.swift; path = RMCharacterDetailViewController.swift; sourceTree = "<group>"; };
		AAFBDA0B2A29E3CD00B09EA1 /* RMCharacterDetailView.swift */ = {isa = PBXFileReference; lastKnownFileType = sourcecode.swift; path = RMCharacterDetailView.swift; sourceTree = "<group>"; };
		AAFBDA0D2A29E3E900B09EA1 /* RMCharacterDetailViewViewModel.swift */ = {isa = PBXFileReference; lastKnownFileType = sourcecode.swift; path = RMCharacterDetailViewViewModel.swift; sourceTree = "<group>"; };
/* End PBXFileReference section */

/* Begin PBXFrameworksBuildPhase section */
		AAFBD9B72A24587300B09EA1 /* Frameworks */ = {
			isa = PBXFrameworksBuildPhase;
			buildActionMask = 2147483647;
			files = (
			);
			runOnlyForDeploymentPostprocessing = 0;
		};
/* End PBXFrameworksBuildPhase section */

/* Begin PBXGroup section */
		AAFBD9B12A24587300B09EA1 = {
			isa = PBXGroup;
			children = (
				AAFBD9BC2A24587300B09EA1 /* RickAndMarty */,
				AAFBD9BB2A24587300B09EA1 /* Products */,
			);
			sourceTree = "<group>";
		};
		AAFBD9BB2A24587300B09EA1 /* Products */ = {
			isa = PBXGroup;
			children = (
				AAFBD9BA2A24587300B09EA1 /* RickAndMarty.app */,
			);
			name = Products;
			sourceTree = "<group>";
		};
		AAFBD9BC2A24587300B09EA1 /* RickAndMarty */ = {
			isa = PBXGroup;
			children = (
				AAFBD9D92A245CA900B09EA1 /* Resources */,
				AAFBD9D82A245C9700B09EA1 /* Managers */,
				AAFBD9D72A245C7E00B09EA1 /* APIClient */,
				AAFBD9D62A245C6E00B09EA1 /* ViewModels */,
				AAFBD9D52A245C6600B09EA1 /* Views */,
				AAFBD9DA2A245EC400B09EA1 /* Models */,
				AAFBD9D42A245C5B00B09EA1 /* Controllers */,
				AAFBD9CE2A24587600B09EA1 /* Info.plist */,
				AAFBD9C62A24587300B09EA1 /* RickAndMarty.xcdatamodeld */,
			);
			path = RickAndMarty;
			sourceTree = "<group>";
		};
		AAFBD9D42A245C5B00B09EA1 /* Controllers */ = {
			isa = PBXGroup;
			children = (
				AAFBDA082A29E23700B09EA1 /* Other */,
				AAFBD9E32A245FD100B09EA1 /* Core */,
				AAFBD9C12A24587300B09EA1 /* RMTabBarController.swift */,
				AAFBD9E42A24600D00B09EA1 /* RMCharaterViewController.swift */,
				AAFBD9E62A24602C00B09EA1 /* RMLocationViewController.swift */,
				AAFBD9E82A24603A00B09EA1 /* RMEpisodeViewController.swift */,
				AAFBD9EA2A24604D00B09EA1 /* RMSettingViewController.swift */,
			);
			path = Controllers;
			sourceTree = "<group>";
		};
		AAFBD9D52A245C6600B09EA1 /* Views */ = {
			isa = PBXGroup;
			children = (
				AAFBDA002A273E5400B09EA1 /* RMCharacterListView.swift */,
				AAFBDA042A298B4E00B09EA1 /* RMCharacterCollectionViewCell.swift */,
				AAFBDA0B2A29E3CD00B09EA1 /* RMCharacterDetailView.swift */,
			);
			path = Views;
			sourceTree = "<group>";
		};
		AAFBD9D62A245C6E00B09EA1 /* ViewModels */ = {
			isa = PBXGroup;
			children = (
				AAFBD9FE2A273D6A00B09EA1 /* RMCharacterListViewViewModel.swift */,
				AAFBDA062A298D3700B09EA1 /* RMCharacterCollectionViewCellViewModel.swift */,
				AAFBDA0D2A29E3E900B09EA1 /* RMCharacterDetailViewViewModel.swift */,
			);
			path = ViewModels;
			sourceTree = "<group>";
		};
		AAFBD9D72A245C7E00B09EA1 /* APIClient */ = {
			isa = PBXGroup;
			children = (
				AAFBD9EC2A24699100B09EA1 /* RMService.swift */,
				AAFBD9EE2A2469AD00B09EA1 /* RMRequest.swift */,
				AAFBD9F02A246A9C00B09EA1 /* RMEndpoint.swift */,
			);
			path = APIClient;
			sourceTree = "<group>";
		};
		AAFBD9D82A245C9700B09EA1 /* Managers */ = {
			isa = PBXGroup;
			children = (
			);
			path = Managers;
			sourceTree = "<group>";
		};
		AAFBD9D92A245CA900B09EA1 /* Resources */ = {
			isa = PBXGroup;
			children = (
				AAFBD9C92A24587600B09EA1 /* Assets.xcassets */,
				AAFBD9BD2A24587300B09EA1 /* AppDelegate.swift */,
				AAFBD9BF2A24587300B09EA1 /* SceneDelegate.swift */,
				AAFBD9CB2A24587600B09EA1 /* LaunchScreen.storyboard */,
				AAFBDA022A2743C800B09EA1 /* Extensions.swift */,
			);
			path = Resources;
			sourceTree = "<group>";
		};
		AAFBD9DA2A245EC400B09EA1 /* Models */ = {
			isa = PBXGroup;
			children = (
				AAFBD9FB2A2737E700B09EA1 /* APIResponseTypes */,
				AAFBD9FA2A2737C300B09EA1 /* DataTypes */,
			);
			path = Models;
			sourceTree = "<group>";
		};
		AAFBD9E32A245FD100B09EA1 /* Core */ = {
			isa = PBXGroup;
			children = (
			);
			path = Core;
			sourceTree = "<group>";
		};
		AAFBD9FA2A2737C300B09EA1 /* DataTypes */ = {
			isa = PBXGroup;
			children = (
				AAFBD9DD2A245F2900B09EA1 /* RMLocation.swift */,
				AAFBD9DF2A245F4500B09EA1 /* RMCharacter.swift */,
				AAFBD9E12A245F5900B09EA1 /* RMEpisode.swift */,
				AAFBD9F22A2470F100B09EA1 /* RMOrigin.swift */,
				AAFBD9F42A24710200B09EA1 /* RMSingleLocation.swift */,
				AAFBD9F62A24735E00B09EA1 /* RMCharacterStatus.swift */,
				AAFBD9F82A24739400B09EA1 /* RMCharacterGender.swift */,
			);
			path = DataTypes;
			sourceTree = "<group>";
		};
		AAFBD9FB2A2737E700B09EA1 /* APIResponseTypes */ = {
			isa = PBXGroup;
			children = (
				AAFBD9FC2A27380B00B09EA1 /* RMGetAllCharactersResponse.swift */,
			);
			path = APIResponseTypes;
			sourceTree = "<group>";
		};
		AAFBDA082A29E23700B09EA1 /* Other */ = {
			isa = PBXGroup;
			children = (
				AAFBDA092A29E27100B09EA1 /* RMCharacterDetailViewController.swift */,
			);
			path = Other;
			sourceTree = "<group>";
		};
/* End PBXGroup section */

/* Begin PBXNativeTarget section */
		AAFBD9B92A24587300B09EA1 /* RickAndMarty */ = {
			isa = PBXNativeTarget;
			buildConfigurationList = AAFBD9D12A24587600B09EA1 /* Build configuration list for PBXNativeTarget "RickAndMarty" */;
			buildPhases = (
				AAFBD9B62A24587300B09EA1 /* Sources */,
				AAFBD9B72A24587300B09EA1 /* Frameworks */,
				AAFBD9B82A24587300B09EA1 /* Resources */,
			);
			buildRules = (
			);
			dependencies = (
			);
			name = RickAndMarty;
			productName = RickAndMarty;
			productReference = AAFBD9BA2A24587300B09EA1 /* RickAndMarty.app */;
			productType = "com.apple.product-type.application";
		};
/* End PBXNativeTarget section */

/* Begin PBXProject section */
		AAFBD9B22A24587300B09EA1 /* Project object */ = {
			isa = PBXProject;
			attributes = {
				BuildIndependentTargetsInParallel = 1;
				LastSwiftUpdateCheck = 1420;
				LastUpgradeCheck = 1420;
				TargetAttributes = {
					AAFBD9B92A24587300B09EA1 = {
						CreatedOnToolsVersion = 14.2;
					};
				};
			};
			buildConfigurationList = AAFBD9B52A24587300B09EA1 /* Build configuration list for PBXProject "RickAndMarty" */;
			compatibilityVersion = "Xcode 14.0";
			developmentRegion = en;
			hasScannedForEncodings = 0;
			knownRegions = (
				en,
				Base,
			);
			mainGroup = AAFBD9B12A24587300B09EA1;
			productRefGroup = AAFBD9BB2A24587300B09EA1 /* Products */;
			projectDirPath = "";
			projectRoot = "";
			targets = (
				AAFBD9B92A24587300B09EA1 /* RickAndMarty */,
			);
		};
/* End PBXProject section */

/* Begin PBXResourcesBuildPhase section */
		AAFBD9B82A24587300B09EA1 /* Resources */ = {
			isa = PBXResourcesBuildPhase;
			buildActionMask = 2147483647;
			files = (
				AAFBD9CD2A24587600B09EA1 /* LaunchScreen.storyboard in Resources */,
				AAFBD9CA2A24587600B09EA1 /* Assets.xcassets in Resources */,
			);
			runOnlyForDeploymentPostprocessing = 0;
		};
/* End PBXResourcesBuildPhase section */

/* Begin PBXSourcesBuildPhase section */
		AAFBD9B62A24587300B09EA1 /* Sources */ = {
			isa = PBXSourcesBuildPhase;
			buildActionMask = 2147483647;
			files = (
				AAFBD9E72A24602C00B09EA1 /* RMLocationViewController.swift in Sources */,
				AAFBD9EB2A24604D00B09EA1 /* RMSettingViewController.swift in Sources */,
				AAFBD9ED2A24699100B09EA1 /* RMService.swift in Sources */,
				AAFBD9E02A245F4500B09EA1 /* RMCharacter.swift in Sources */,
				AAFBD9E52A24600D00B09EA1 /* RMCharaterViewController.swift in Sources */,
				AAFBD9F12A246A9C00B09EA1 /* RMEndpoint.swift in Sources */,
				AAFBD9E92A24603A00B09EA1 /* RMEpisodeViewController.swift in Sources */,
				AAFBD9F92A24739400B09EA1 /* RMCharacterGender.swift in Sources */,
				AAFBD9EF2A2469AD00B09EA1 /* RMRequest.swift in Sources */,
				AAFBDA032A2743C800B09EA1 /* Extensions.swift in Sources */,
				AAFBDA012A273E5400B09EA1 /* RMCharacterListView.swift in Sources */,
				AAFBDA0A2A29E27100B09EA1 /* RMCharacterDetailViewController.swift in Sources */,
				AAFBD9C22A24587300B09EA1 /* RMTabBarController.swift in Sources */,
				AAFBD9F72A24735E00B09EA1 /* RMCharacterStatus.swift in Sources */,
				AAFBD9E22A245F5900B09EA1 /* RMEpisode.swift in Sources */,
				AAFBD9BE2A24587300B09EA1 /* AppDelegate.swift in Sources */,
				AAFBDA0E2A29E3E900B09EA1 /* RMCharacterDetailViewViewModel.swift in Sources */,
				AAFBD9F52A24710200B09EA1 /* RMSingleLocation.swift in Sources */,
				AAFBD9DE2A245F2900B09EA1 /* RMLocation.swift in Sources */,
				AAFBDA0C2A29E3CD00B09EA1 /* RMCharacterDetailView.swift in Sources */,
				AAFBD9C82A24587300B09EA1 /* RickAndMarty.xcdatamodeld in Sources */,
				AAFBD9FD2A27380B00B09EA1 /* RMGetAllCharactersResponse.swift in Sources */,
				AAFBDA052A298B4E00B09EA1 /* RMCharacterCollectionViewCell.swift in Sources */,
				AAFBD9F32A2470F100B09EA1 /* RMOrigin.swift in Sources */,
				AAFBD9FF2A273D6A00B09EA1 /* RMCharacterListViewViewModel.swift in Sources */,
				AAFBDA072A298D3700B09EA1 /* RMCharacterCollectionViewCellViewModel.swift in Sources */,
				AAFBD9C02A24587300B09EA1 /* SceneDelegate.swift in Sources */,
			);
			runOnlyForDeploymentPostprocessing = 0;
		};
/* End PBXSourcesBuildPhase section */

/* Begin PBXVariantGroup section */
		AAFBD9CB2A24587600B09EA1 /* LaunchScreen.storyboard */ = {
			isa = PBXVariantGroup;
			children = (
				AAFBD9CC2A24587600B09EA1 /* Base */,
			);
			name = LaunchScreen.storyboard;
			sourceTree = "<group>";
		};
/* End PBXVariantGroup section */

/* Begin XCBuildConfiguration section */
		AAFBD9CF2A24587600B09EA1 /* Debug */ = {
			isa = XCBuildConfiguration;
			buildSettings = {
				ALWAYS_SEARCH_USER_PATHS = NO;
				CLANG_ANALYZER_NONNULL = YES;
				CLANG_ANALYZER_NUMBER_OBJECT_CONVERSION = YES_AGGRESSIVE;
				CLANG_CXX_LANGUAGE_STANDARD = "gnu++20";
				CLANG_ENABLE_MODULES = YES;
				CLANG_ENABLE_OBJC_ARC = YES;
				CLANG_ENABLE_OBJC_WEAK = YES;
				CLANG_WARN_BLOCK_CAPTURE_AUTORELEASING = YES;
				CLANG_WARN_BOOL_CONVERSION = YES;
				CLANG_WARN_COMMA = YES;
				CLANG_WARN_CONSTANT_CONVERSION = YES;
				CLANG_WARN_DEPRECATED_OBJC_IMPLEMENTATIONS = YES;
				CLANG_WARN_DIRECT_OBJC_ISA_USAGE = YES_ERROR;
				CLANG_WARN_DOCUMENTATION_COMMENTS = YES;
				CLANG_WARN_EMPTY_BODY = YES;
				CLANG_WARN_ENUM_CONVERSION = YES;
				CLANG_WARN_INFINITE_RECURSION = YES;
				CLANG_WARN_INT_CONVERSION = YES;
				CLANG_WARN_NON_LITERAL_NULL_CONVERSION = YES;
				CLANG_WARN_OBJC_IMPLICIT_RETAIN_SELF = YES;
				CLANG_WARN_OBJC_LITERAL_CONVERSION = YES;
				CLANG_WARN_OBJC_ROOT_CLASS = YES_ERROR;
				CLANG_WARN_QUOTED_INCLUDE_IN_FRAMEWORK_HEADER = YES;
				CLANG_WARN_RANGE_LOOP_ANALYSIS = YES;
				CLANG_WARN_STRICT_PROTOTYPES = YES;
				CLANG_WARN_SUSPICIOUS_MOVE = YES;
				CLANG_WARN_UNGUARDED_AVAILABILITY = YES_AGGRESSIVE;
				CLANG_WARN_UNREACHABLE_CODE = YES;
				CLANG_WARN__DUPLICATE_METHOD_MATCH = YES;
				COPY_PHASE_STRIP = NO;
				DEBUG_INFORMATION_FORMAT = dwarf;
				ENABLE_STRICT_OBJC_MSGSEND = YES;
				ENABLE_TESTABILITY = YES;
				GCC_C_LANGUAGE_STANDARD = gnu11;
				GCC_DYNAMIC_NO_PIC = NO;
				GCC_NO_COMMON_BLOCKS = YES;
				GCC_OPTIMIZATION_LEVEL = 0;
				GCC_PREPROCESSOR_DEFINITIONS = (
					"DEBUG=1",
					"$(inherited)",
				);
				GCC_WARN_64_TO_32_BIT_CONVERSION = YES;
				GCC_WARN_ABOUT_RETURN_TYPE = YES_ERROR;
				GCC_WARN_UNDECLARED_SELECTOR = YES;
				GCC_WARN_UNINITIALIZED_AUTOS = YES_AGGRESSIVE;
				GCC_WARN_UNUSED_FUNCTION = YES;
				GCC_WARN_UNUSED_VARIABLE = YES;
				IPHONEOS_DEPLOYMENT_TARGET = 16.2;
				MTL_ENABLE_DEBUG_INFO = INCLUDE_SOURCE;
				MTL_FAST_MATH = YES;
				ONLY_ACTIVE_ARCH = YES;
				SDKROOT = iphoneos;
				SWIFT_ACTIVE_COMPILATION_CONDITIONS = DEBUG;
				SWIFT_OPTIMIZATION_LEVEL = "-Onone";
			};
			name = Debug;
		};
		AAFBD9D02A24587600B09EA1 /* Release */ = {
			isa = XCBuildConfiguration;
			buildSettings = {
				ALWAYS_SEARCH_USER_PATHS = NO;
				CLANG_ANALYZER_NONNULL = YES;
				CLANG_ANALYZER_NUMBER_OBJECT_CONVERSION = YES_AGGRESSIVE;
				CLANG_CXX_LANGUAGE_STANDARD = "gnu++20";
				CLANG_ENABLE_MODULES = YES;
				CLANG_ENABLE_OBJC_ARC = YES;
				CLANG_ENABLE_OBJC_WEAK = YES;
				CLANG_WARN_BLOCK_CAPTURE_AUTORELEASING = YES;
				CLANG_WARN_BOOL_CONVERSION = YES;
				CLANG_WARN_COMMA = YES;
				CLANG_WARN_CONSTANT_CONVERSION = YES;
				CLANG_WARN_DEPRECATED_OBJC_IMPLEMENTATIONS = YES;
				CLANG_WARN_DIRECT_OBJC_ISA_USAGE = YES_ERROR;
				CLANG_WARN_DOCUMENTATION_COMMENTS = YES;
				CLANG_WARN_EMPTY_BODY = YES;
				CLANG_WARN_ENUM_CONVERSION = YES;
				CLANG_WARN_INFINITE_RECURSION = YES;
				CLANG_WARN_INT_CONVERSION = YES;
				CLANG_WARN_NON_LITERAL_NULL_CONVERSION = YES;
				CLANG_WARN_OBJC_IMPLICIT_RETAIN_SELF = YES;
				CLANG_WARN_OBJC_LITERAL_CONVERSION = YES;
				CLANG_WARN_OBJC_ROOT_CLASS = YES_ERROR;
				CLANG_WARN_QUOTED_INCLUDE_IN_FRAMEWORK_HEADER = YES;
				CLANG_WARN_RANGE_LOOP_ANALYSIS = YES;
				CLANG_WARN_STRICT_PROTOTYPES = YES;
				CLANG_WARN_SUSPICIOUS_MOVE = YES;
				CLANG_WARN_UNGUARDED_AVAILABILITY = YES_AGGRESSIVE;
				CLANG_WARN_UNREACHABLE_CODE = YES;
				CLANG_WARN__DUPLICATE_METHOD_MATCH = YES;
				COPY_PHASE_STRIP = NO;
				DEBUG_INFORMATION_FORMAT = "dwarf-with-dsym";
				ENABLE_NS_ASSERTIONS = NO;
				ENABLE_STRICT_OBJC_MSGSEND = YES;
				GCC_C_LANGUAGE_STANDARD = gnu11;
				GCC_NO_COMMON_BLOCKS = YES;
				GCC_WARN_64_TO_32_BIT_CONVERSION = YES;
				GCC_WARN_ABOUT_RETURN_TYPE = YES_ERROR;
				GCC_WARN_UNDECLARED_SELECTOR = YES;
				GCC_WARN_UNINITIALIZED_AUTOS = YES_AGGRESSIVE;
				GCC_WARN_UNUSED_FUNCTION = YES;
				GCC_WARN_UNUSED_VARIABLE = YES;
				IPHONEOS_DEPLOYMENT_TARGET = 16.2;
				MTL_ENABLE_DEBUG_INFO = NO;
				MTL_FAST_MATH = YES;
				SDKROOT = iphoneos;
				SWIFT_COMPILATION_MODE = wholemodule;
				SWIFT_OPTIMIZATION_LEVEL = "-O";
				VALIDATE_PRODUCT = YES;
			};
			name = Release;
		};
		AAFBD9D22A24587600B09EA1 /* Debug */ = {
			isa = XCBuildConfiguration;
			buildSettings = {
				ASSETCATALOG_COMPILER_APPICON_NAME = AppIcon;
				ASSETCATALOG_COMPILER_GLOBAL_ACCENT_COLOR_NAME = AccentColor;
				CODE_SIGN_STYLE = Automatic;
				CURRENT_PROJECT_VERSION = 1;
				DEVELOPMENT_TEAM = 4P2Y4VSP43;
				GENERATE_INFOPLIST_FILE = YES;
				INFOPLIST_FILE = RickAndMarty/Info.plist;
				INFOPLIST_KEY_UIApplicationSupportsIndirectInputEvents = YES;
				INFOPLIST_KEY_UILaunchStoryboardName = LaunchScreen;
				INFOPLIST_KEY_UISupportedInterfaceOrientations_iPad = "UIInterfaceOrientationPortrait UIInterfaceOrientationPortraitUpsideDown UIInterfaceOrientationLandscapeLeft UIInterfaceOrientationLandscapeRight";
				INFOPLIST_KEY_UISupportedInterfaceOrientations_iPhone = "UIInterfaceOrientationPortrait UIInterfaceOrientationLandscapeLeft UIInterfaceOrientationLandscapeRight";
				LD_RUNPATH_SEARCH_PATHS = (
					"$(inherited)",
					"@executable_path/Frameworks",
				);
				MARKETING_VERSION = 1.0;
				PRODUCT_BUNDLE_IDENTIFIER = com.gaeabarnard.RickAndMarty;
				PRODUCT_NAME = "$(TARGET_NAME)";
				SWIFT_EMIT_LOC_STRINGS = YES;
				SWIFT_VERSION = 5.0;
				TARGETED_DEVICE_FAMILY = "1,2";
			};
			name = Debug;
		};
		AAFBD9D32A24587600B09EA1 /* Release */ = {
			isa = XCBuildConfiguration;
			buildSettings = {
				ASSETCATALOG_COMPILER_APPICON_NAME = AppIcon;
				ASSETCATALOG_COMPILER_GLOBAL_ACCENT_COLOR_NAME = AccentColor;
				CODE_SIGN_STYLE = Automatic;
				CURRENT_PROJECT_VERSION = 1;
				DEVELOPMENT_TEAM = 4P2Y4VSP43;
				GENERATE_INFOPLIST_FILE = YES;
				INFOPLIST_FILE = RickAndMarty/Info.plist;
				INFOPLIST_KEY_UIApplicationSupportsIndirectInputEvents = YES;
				INFOPLIST_KEY_UILaunchStoryboardName = LaunchScreen;
				INFOPLIST_KEY_UISupportedInterfaceOrientations_iPad = "UIInterfaceOrientationPortrait UIInterfaceOrientationPortraitUpsideDown UIInterfaceOrientationLandscapeLeft UIInterfaceOrientationLandscapeRight";
				INFOPLIST_KEY_UISupportedInterfaceOrientations_iPhone = "UIInterfaceOrientationPortrait UIInterfaceOrientationLandscapeLeft UIInterfaceOrientationLandscapeRight";
				LD_RUNPATH_SEARCH_PATHS = (
					"$(inherited)",
					"@executable_path/Frameworks",
				);
				MARKETING_VERSION = 1.0;
				PRODUCT_BUNDLE_IDENTIFIER = com.gaeabarnard.RickAndMarty;
				PRODUCT_NAME = "$(TARGET_NAME)";
				SWIFT_EMIT_LOC_STRINGS = YES;
				SWIFT_VERSION = 5.0;
				TARGETED_DEVICE_FAMILY = "1,2";
			};
			name = Release;
		};
/* End XCBuildConfiguration section */

/* Begin XCConfigurationList section */
		AAFBD9B52A24587300B09EA1 /* Build configuration list for PBXProject "RickAndMarty" */ = {
			isa = XCConfigurationList;
			buildConfigurations = (
				AAFBD9CF2A24587600B09EA1 /* Debug */,
				AAFBD9D02A24587600B09EA1 /* Release */,
			);
			defaultConfigurationIsVisible = 0;
			defaultConfigurationName = Release;
		};
		AAFBD9D12A24587600B09EA1 /* Build configuration list for PBXNativeTarget "RickAndMarty" */ = {
			isa = XCConfigurationList;
			buildConfigurations = (
				AAFBD9D22A24587600B09EA1 /* Debug */,
				AAFBD9D32A24587600B09EA1 /* Release */,
			);
			defaultConfigurationIsVisible = 0;
			defaultConfigurationName = Release;
		};
/* End XCConfigurationList section */

/* Begin XCVersionGroup section */
		AAFBD9C62A24587300B09EA1 /* RickAndMarty.xcdatamodeld */ = {
			isa = XCVersionGroup;
			children = (
				AAFBD9C72A24587300B09EA1 /* RickAndMarty.xcdatamodel */,
			);
			currentVersion = AAFBD9C72A24587300B09EA1 /* RickAndMarty.xcdatamodel */;
			path = RickAndMarty.xcdatamodeld;
			sourceTree = "<group>";
			versionGroupType = wrapper.xcdatamodel;
		};
/* End XCVersionGroup section */
	};
	rootObject = AAFBD9B22A24587300B09EA1 /* Project object */;
}
